// !$*UTF8*$!
{
	archiveVersion = 1;
	classes = {
	};
	objectVersion = 50;
	objects = {

/* Begin PBXBuildFile section */
		05C8C32724AE1C040095E313 /* XS.hpp in Headers */ = {isa = PBXBuildFile; fileRef = 05C8C32624AE1C040095E313 /* XS.hpp */; };
		05C8C47224B510700095E313 /* BinaryFileStream.cpp in Sources */ = {isa = PBXBuildFile; fileRef = 05C8C46F24B510700095E313 /* BinaryFileStream.cpp */; };
		05C8C47324B510700095E313 /* BinaryDataStream.cpp in Sources */ = {isa = PBXBuildFile; fileRef = 05C8C47024B510700095E313 /* BinaryDataStream.cpp */; };
		05C8C47424B510700095E313 /* BinaryStream.cpp in Sources */ = {isa = PBXBuildFile; fileRef = 05C8C47124B510700095E313 /* BinaryStream.cpp */; };
		05C8C47924B510760095E313 /* BinaryFileStream.hpp in Headers */ = {isa = PBXBuildFile; fileRef = 05C8C47624B510760095E313 /* BinaryFileStream.hpp */; };
		05C8C47A24B510760095E313 /* BinaryDataStream.hpp in Headers */ = {isa = PBXBuildFile; fileRef = 05C8C47724B510760095E313 /* BinaryDataStream.hpp */; };
		05C8C47B24B510760095E313 /* BinaryStream.hpp in Headers */ = {isa = PBXBuildFile; fileRef = 05C8C47824B510760095E313 /* BinaryStream.hpp */; };
		05C8C47D24B511310095E313 /* Casts.hpp in Headers */ = {isa = PBXBuildFile; fileRef = 05C8C47C24B511310095E313 /* Casts.hpp */; };
		05C8C48124B512670095E313 /* Info.hpp in Headers */ = {isa = PBXBuildFile; fileRef = 05C8C47E24B512670095E313 /* Info.hpp */; };
		05C8C48624B512730095E313 /* Info.cpp in Sources */ = {isa = PBXBuildFile; fileRef = 05C8C48324B512730095E313 /* Info.cpp */; };
		05C8C48924B513690095E313 /* Info-Object.cpp in Sources */ = {isa = PBXBuildFile; fileRef = 05C8C48824B513690095E313 /* Info-Object.cpp */; };
		05C8C48B24B514070095E313 /* ToString.hpp in Headers */ = {isa = PBXBuildFile; fileRef = 05C8C48A24B514070095E313 /* ToString.hpp */; };
		05C8C48D24B5140D0095E313 /* ToString.cpp in Sources */ = {isa = PBXBuildFile; fileRef = 05C8C48C24B5140D0095E313 /* ToString.cpp */; };
		05C8C49124B515560095E313 /* Color.cpp in Sources */ = {isa = PBXBuildFile; fileRef = 05C8C49024B515560095E313 /* Color.cpp */; };
		05C8C49324B5155D0095E313 /* Color.hpp in Headers */ = {isa = PBXBuildFile; fileRef = 05C8C49224B5155D0095E313 /* Color.hpp */; };
		05C8C49624B5176B0095E313 /* Screen.cpp in Sources */ = {isa = PBXBuildFile; fileRef = 05C8C49424B5176B0095E313 /* Screen.cpp */; };
		05C8C49724B5176B0095E313 /* Window.cpp in Sources */ = {isa = PBXBuildFile; fileRef = 05C8C49524B5176B0095E313 /* Window.cpp */; };
		05C8C49A24B517860095E313 /* Window.hpp in Headers */ = {isa = PBXBuildFile; fileRef = 05C8C49824B517860095E313 /* Window.hpp */; };
		05C8C49B24B517860095E313 /* Screen.hpp in Headers */ = {isa = PBXBuildFile; fileRef = 05C8C49924B517860095E313 /* Screen.hpp */; };
/* End PBXBuildFile section */

/* Begin PBXFileReference section */
		055C8E6D245DC6870099DFF8 /* Release - ccache.xcconfig */ = {isa = PBXFileReference; lastKnownFileType = text.xcconfig; path = "Release - ccache.xcconfig"; sourceTree = "<group>"; };
		055C8E6E245DC6870099DFF8 /* Common.xcconfig */ = {isa = PBXFileReference; lastKnownFileType = text.xcconfig; path = Common.xcconfig; sourceTree = "<group>"; };
		055C8E6F245DC6870099DFF8 /* Debug - ccache.xcconfig */ = {isa = PBXFileReference; lastKnownFileType = text.xcconfig; path = "Debug - ccache.xcconfig"; sourceTree = "<group>"; };
		055C8E70245DC6870099DFF8 /* Debug.xcconfig */ = {isa = PBXFileReference; lastKnownFileType = text.xcconfig; path = Debug.xcconfig; sourceTree = "<group>"; };
		055C8E71245DC6870099DFF8 /* Release.xcconfig */ = {isa = PBXFileReference; lastKnownFileType = text.xcconfig; path = Release.xcconfig; sourceTree = "<group>"; };
		055C8E72245DC6870099DFF8 /* README.md */ = {isa = PBXFileReference; lastKnownFileType = net.daringfireball.markdown; path = README.md; sourceTree = "<group>"; };
		055C8E73245DC6870099DFF8 /* Release - Library.xcconfig */ = {isa = PBXFileReference; lastKnownFileType = text.xcconfig; path = "Release - Library.xcconfig"; sourceTree = "<group>"; };
		055C8E75245DC6870099DFF8 /* Signing.xcconfig */ = {isa = PBXFileReference; lastKnownFileType = text.xcconfig; path = Signing.xcconfig; sourceTree = "<group>"; };
		055C8E76245DC6870099DFF8 /* Architectures.xcconfig */ = {isa = PBXFileReference; lastKnownFileType = text.xcconfig; path = Architectures.xcconfig; sourceTree = "<group>"; };
		055C8E78245DC6870099DFF8 /* Issues.xcconfig */ = {isa = PBXFileReference; lastKnownFileType = text.xcconfig; path = Issues.xcconfig; sourceTree = "<group>"; };
		055C8E7A245DC6870099DFF8 /* Apple-APIs.xcconfig */ = {isa = PBXFileReference; lastKnownFileType = text.xcconfig; path = "Apple-APIs.xcconfig"; sourceTree = "<group>"; };
		055C8E7B245DC6870099DFF8 /* Generic-Issues.xcconfig */ = {isa = PBXFileReference; lastKnownFileType = text.xcconfig; path = "Generic-Issues.xcconfig"; sourceTree = "<group>"; };
		055C8E7C245DC6870099DFF8 /* Security.xcconfig */ = {isa = PBXFileReference; lastKnownFileType = text.xcconfig; path = Security.xcconfig; sourceTree = "<group>"; };
		055C8E7D245DC6870099DFF8 /* Objective-C.xcconfig */ = {isa = PBXFileReference; lastKnownFileType = text.xcconfig; path = "Objective-C.xcconfig"; sourceTree = "<group>"; };
		055C8E7E245DC6870099DFF8 /* Analysis-Policy.xcconfig */ = {isa = PBXFileReference; lastKnownFileType = text.xcconfig; path = "Analysis-Policy.xcconfig"; sourceTree = "<group>"; };
		055C8E7F245DC6870099DFF8 /* Deployment.xcconfig */ = {isa = PBXFileReference; lastKnownFileType = text.xcconfig; path = Deployment.xcconfig; sourceTree = "<group>"; };
		055C8E80245DC6870099DFF8 /* Build-Options.xcconfig */ = {isa = PBXFileReference; lastKnownFileType = text.xcconfig; path = "Build-Options.xcconfig"; sourceTree = "<group>"; };
		055C8E81245DC6870099DFF8 /* Swift-Compiler.xcconfig */ = {isa = PBXFileReference; lastKnownFileType = text.xcconfig; path = "Swift-Compiler.xcconfig"; sourceTree = "<group>"; };
		055C8E82245DC6870099DFF8 /* Static-Analyzer.xcconfig */ = {isa = PBXFileReference; lastKnownFileType = text.xcconfig; path = "Static-Analyzer.xcconfig"; sourceTree = "<group>"; };
		055C8E84245DC6870099DFF8 /* Warnings-Policies.xcconfig */ = {isa = PBXFileReference; lastKnownFileType = text.xcconfig; path = "Warnings-Policies.xcconfig"; sourceTree = "<group>"; };
		055C8E85245DC6870099DFF8 /* Code-Generation.xcconfig */ = {isa = PBXFileReference; lastKnownFileType = text.xcconfig; path = "Code-Generation.xcconfig"; sourceTree = "<group>"; };
		055C8E86245DC6870099DFF8 /* Language.xcconfig */ = {isa = PBXFileReference; lastKnownFileType = text.xcconfig; path = Language.xcconfig; sourceTree = "<group>"; };
		055C8E87245DC6870099DFF8 /* General.xcconfig */ = {isa = PBXFileReference; lastKnownFileType = text.xcconfig; path = General.xcconfig; sourceTree = "<group>"; };
		055C8E88245DC6870099DFF8 /* Search-Paths.xcconfig */ = {isa = PBXFileReference; lastKnownFileType = text.xcconfig; path = "Search-Paths.xcconfig"; sourceTree = "<group>"; };
		055C8E89245DC6870099DFF8 /* Apple-LLVM.xcconfig */ = {isa = PBXFileReference; lastKnownFileType = text.xcconfig; path = "Apple-LLVM.xcconfig"; sourceTree = "<group>"; };
		055C8E8C245DC6870099DFF8 /* Modules.xcconfig */ = {isa = PBXFileReference; lastKnownFileType = text.xcconfig; path = Modules.xcconfig; sourceTree = "<group>"; };
		055C8E8D245DC6870099DFF8 /* Objective-C.xcconfig */ = {isa = PBXFileReference; lastKnownFileType = text.xcconfig; path = "Objective-C.xcconfig"; sourceTree = "<group>"; };
		055C8E8E245DC6870099DFF8 /* C++.xcconfig */ = {isa = PBXFileReference; lastKnownFileType = text.xcconfig; path = "C++.xcconfig"; sourceTree = "<group>"; };
		055C8E8F245DC6870099DFF8 /* Code-Generation.xcconfig */ = {isa = PBXFileReference; lastKnownFileType = text.xcconfig; path = "Code-Generation.xcconfig"; sourceTree = "<group>"; };
		055C8E90245DC6870099DFF8 /* Address-Sanitizer.xcconfig */ = {isa = PBXFileReference; lastKnownFileType = text.xcconfig; path = "Address-Sanitizer.xcconfig"; sourceTree = "<group>"; };
		055C8E91245DC6870099DFF8 /* Language.xcconfig */ = {isa = PBXFileReference; lastKnownFileType = text.xcconfig; path = Language.xcconfig; sourceTree = "<group>"; };
		055C8E92245DC6870099DFF8 /* Warnings.xcconfig */ = {isa = PBXFileReference; lastKnownFileType = text.xcconfig; path = Warnings.xcconfig; sourceTree = "<group>"; };
		055C8E93245DC6870099DFF8 /* Undefined-Behavior-Sanitizer.xcconfig */ = {isa = PBXFileReference; lastKnownFileType = text.xcconfig; path = "Undefined-Behavior-Sanitizer.xcconfig"; sourceTree = "<group>"; };
		055C8E94245DC6870099DFF8 /* Warning-Policies.xcconfig */ = {isa = PBXFileReference; lastKnownFileType = text.xcconfig; path = "Warning-Policies.xcconfig"; sourceTree = "<group>"; };
		055C8E96245DC6870099DFF8 /* Objective-C-ARC.xcconfig */ = {isa = PBXFileReference; lastKnownFileType = text.xcconfig; path = "Objective-C-ARC.xcconfig"; sourceTree = "<group>"; };
		055C8E97245DC6870099DFF8 /* Objective-C.xcconfig */ = {isa = PBXFileReference; lastKnownFileType = text.xcconfig; path = "Objective-C.xcconfig"; sourceTree = "<group>"; };
		055C8E98245DC6870099DFF8 /* C++.xcconfig */ = {isa = PBXFileReference; lastKnownFileType = text.xcconfig; path = "C++.xcconfig"; sourceTree = "<group>"; };
		055C8E99245DC6870099DFF8 /* All-Languages.xcconfig */ = {isa = PBXFileReference; lastKnownFileType = text.xcconfig; path = "All-Languages.xcconfig"; sourceTree = "<group>"; };
		055C8E9A245DC6870099DFF8 /* Preprocessing.xcconfig */ = {isa = PBXFileReference; lastKnownFileType = text.xcconfig; path = Preprocessing.xcconfig; sourceTree = "<group>"; };
		055C8E9B245DC6870099DFF8 /* Debug - Library.xcconfig */ = {isa = PBXFileReference; lastKnownFileType = text.xcconfig; path = "Debug - Library.xcconfig"; sourceTree = "<group>"; };
		055C8E9C245DC6870099DFF8 /* .gitignore */ = {isa = PBXFileReference; lastKnownFileType = text; path = .gitignore; sourceTree = "<group>"; };
		055C8E9E245DC6870099DFF8 /* ccache-config.sh */ = {isa = PBXFileReference; lastKnownFileType = text.script.sh; path = "ccache-config.sh"; sourceTree = "<group>"; };
		055C8E9F245DC6870099DFF8 /* ccache.sh */ = {isa = PBXFileReference; lastKnownFileType = text.script.sh; path = ccache.sh; sourceTree = "<group>"; };
		055C8EF3246075A80099DFF8 /* README.md */ = {isa = PBXFileReference; lastKnownFileType = net.daringfireball.markdown; path = README.md; sourceTree = "<group>"; };
		05C8C31124AE1B030095E313 /* libXS++.a */ = {isa = PBXFileReference; explicitFileType = archive.ar; includeInIndex = 0; path = "libXS++.a"; sourceTree = BUILT_PRODUCTS_DIR; };
		05C8C32624AE1C040095E313 /* XS.hpp */ = {isa = PBXFileReference; fileEncoding = 4; lastKnownFileType = sourcecode.cpp.h; path = XS.hpp; sourceTree = "<group>"; };
		05C8C46F24B510700095E313 /* BinaryFileStream.cpp */ = {isa = PBXFileReference; fileEncoding = 4; lastKnownFileType = sourcecode.cpp.cpp; path = BinaryFileStream.cpp; sourceTree = "<group>"; };
		05C8C47024B510700095E313 /* BinaryDataStream.cpp */ = {isa = PBXFileReference; fileEncoding = 4; lastKnownFileType = sourcecode.cpp.cpp; path = BinaryDataStream.cpp; sourceTree = "<group>"; };
		05C8C47124B510700095E313 /* BinaryStream.cpp */ = {isa = PBXFileReference; fileEncoding = 4; lastKnownFileType = sourcecode.cpp.cpp; path = BinaryStream.cpp; sourceTree = "<group>"; };
		05C8C47624B510760095E313 /* BinaryFileStream.hpp */ = {isa = PBXFileReference; fileEncoding = 4; lastKnownFileType = sourcecode.cpp.h; path = BinaryFileStream.hpp; sourceTree = "<group>"; };
		05C8C47724B510760095E313 /* BinaryDataStream.hpp */ = {isa = PBXFileReference; fileEncoding = 4; lastKnownFileType = sourcecode.cpp.h; path = BinaryDataStream.hpp; sourceTree = "<group>"; };
		05C8C47824B510760095E313 /* BinaryStream.hpp */ = {isa = PBXFileReference; fileEncoding = 4; lastKnownFileType = sourcecode.cpp.h; path = BinaryStream.hpp; sourceTree = "<group>"; };
		05C8C47C24B511310095E313 /* Casts.hpp */ = {isa = PBXFileReference; fileEncoding = 4; lastKnownFileType = sourcecode.cpp.h; path = Casts.hpp; sourceTree = "<group>"; };
		05C8C47E24B512670095E313 /* Info.hpp */ = {isa = PBXFileReference; fileEncoding = 4; lastKnownFileType = sourcecode.cpp.h; path = Info.hpp; sourceTree = "<group>"; };
		05C8C48324B512730095E313 /* Info.cpp */ = {isa = PBXFileReference; fileEncoding = 4; lastKnownFileType = sourcecode.cpp.cpp; path = Info.cpp; sourceTree = "<group>"; };
		05C8C48824B513690095E313 /* Info-Object.cpp */ = {isa = PBXFileReference; fileEncoding = 4; lastKnownFileType = sourcecode.cpp.cpp; path = "Info-Object.cpp"; sourceTree = "<group>"; };
		05C8C48A24B514070095E313 /* ToString.hpp */ = {isa = PBXFileReference; fileEncoding = 4; lastKnownFileType = sourcecode.cpp.h; path = ToString.hpp; sourceTree = "<group>"; };
		05C8C48C24B5140D0095E313 /* ToString.cpp */ = {isa = PBXFileReference; fileEncoding = 4; lastKnownFileType = sourcecode.cpp.cpp; path = ToString.cpp; sourceTree = "<group>"; };
		05C8C49024B515560095E313 /* Color.cpp */ = {isa = PBXFileReference; fileEncoding = 4; lastKnownFileType = sourcecode.cpp.cpp; path = Color.cpp; sourceTree = "<group>"; };
		05C8C49224B5155D0095E313 /* Color.hpp */ = {isa = PBXFileReference; fileEncoding = 4; lastKnownFileType = sourcecode.cpp.h; path = Color.hpp; sourceTree = "<group>"; };
		05C8C49424B5176B0095E313 /* Screen.cpp */ = {isa = PBXFileReference; fileEncoding = 4; lastKnownFileType = sourcecode.cpp.cpp; path = Screen.cpp; sourceTree = "<group>"; };
		05C8C49524B5176B0095E313 /* Window.cpp */ = {isa = PBXFileReference; fileEncoding = 4; lastKnownFileType = sourcecode.cpp.cpp; path = Window.cpp; sourceTree = "<group>"; };
		05C8C49824B517860095E313 /* Window.hpp */ = {isa = PBXFileReference; fileEncoding = 4; lastKnownFileType = sourcecode.cpp.h; path = Window.hpp; sourceTree = "<group>"; };
		05C8C49924B517860095E313 /* Screen.hpp */ = {isa = PBXFileReference; fileEncoding = 4; lastKnownFileType = sourcecode.cpp.h; path = Screen.hpp; sourceTree = "<group>"; };
/* End PBXFileReference section */

/* Begin PBXFrameworksBuildPhase section */
		05C8C30F24AE1B030095E313 /* Frameworks */ = {
			isa = PBXFrameworksBuildPhase;
			buildActionMask = 2147483647;
			files = (
			);
			runOnlyForDeploymentPostprocessing = 0;
		};
/* End PBXFrameworksBuildPhase section */

/* Begin PBXGroup section */
		055C8E3F245DC5FD0099DFF8 = {
			isa = PBXGroup;
			children = (
				055C8EF3246075A80099DFF8 /* README.md */,
				055C8E6C245DC6870099DFF8 /* xcconfig */,
				05C8C31224AE1B030095E313 /* XS++ */,
				055C8E49245DC5FD0099DFF8 /* Products */,
				055C8EA2245DC7090099DFF8 /* Frameworks */,
			);
			sourceTree = "<group>";
		};
		055C8E49245DC5FD0099DFF8 /* Products */ = {
			isa = PBXGroup;
			children = (
				05C8C31124AE1B030095E313 /* libXS++.a */,
			);
			name = Products;
			sourceTree = "<group>";
		};
		055C8E6C245DC6870099DFF8 /* xcconfig */ = {
			isa = PBXGroup;
			children = (
				055C8E6D245DC6870099DFF8 /* Release - ccache.xcconfig */,
				055C8E6E245DC6870099DFF8 /* Common.xcconfig */,
				055C8E6F245DC6870099DFF8 /* Debug - ccache.xcconfig */,
				055C8E70245DC6870099DFF8 /* Debug.xcconfig */,
				055C8E71245DC6870099DFF8 /* Release.xcconfig */,
				055C8E72245DC6870099DFF8 /* README.md */,
				055C8E73245DC6870099DFF8 /* Release - Library.xcconfig */,
				055C8E74245DC6870099DFF8 /* Common */,
				055C8E9B245DC6870099DFF8 /* Debug - Library.xcconfig */,
				055C8E9C245DC6870099DFF8 /* .gitignore */,
				055C8E9D245DC6870099DFF8 /* Scripts */,
			);
			name = xcconfig;
			path = Submodules/xcconfig;
			sourceTree = "<group>";
		};
		055C8E74245DC6870099DFF8 /* Common */ = {
			isa = PBXGroup;
			children = (
				055C8E75245DC6870099DFF8 /* Signing.xcconfig */,
				055C8E76245DC6870099DFF8 /* Architectures.xcconfig */,
				055C8E77245DC6870099DFF8 /* Static-Analyzer */,
				055C8E7F245DC6870099DFF8 /* Deployment.xcconfig */,
				055C8E80245DC6870099DFF8 /* Build-Options.xcconfig */,
				055C8E81245DC6870099DFF8 /* Swift-Compiler.xcconfig */,
				055C8E82245DC6870099DFF8 /* Static-Analyzer.xcconfig */,
				055C8E83245DC6870099DFF8 /* Swift-Compiler */,
				055C8E88245DC6870099DFF8 /* Search-Paths.xcconfig */,
				055C8E89245DC6870099DFF8 /* Apple-LLVM.xcconfig */,
				055C8E8A245DC6870099DFF8 /* Apple-LLVM */,
			);
			path = Common;
			sourceTree = "<group>";
		};
		055C8E77245DC6870099DFF8 /* Static-Analyzer */ = {
			isa = PBXGroup;
			children = (
				055C8E78245DC6870099DFF8 /* Issues.xcconfig */,
				055C8E79245DC6870099DFF8 /* Issues */,
			);
			path = "Static-Analyzer";
			sourceTree = "<group>";
		};
		055C8E79245DC6870099DFF8 /* Issues */ = {
			isa = PBXGroup;
			children = (
				055C8E7A245DC6870099DFF8 /* Apple-APIs.xcconfig */,
				055C8E7B245DC6870099DFF8 /* Generic-Issues.xcconfig */,
				055C8E7C245DC6870099DFF8 /* Security.xcconfig */,
				055C8E7D245DC6870099DFF8 /* Objective-C.xcconfig */,
				055C8E7E245DC6870099DFF8 /* Analysis-Policy.xcconfig */,
			);
			path = Issues;
			sourceTree = "<group>";
		};
		055C8E83245DC6870099DFF8 /* Swift-Compiler */ = {
			isa = PBXGroup;
			children = (
				055C8E84245DC6870099DFF8 /* Warnings-Policies.xcconfig */,
				055C8E85245DC6870099DFF8 /* Code-Generation.xcconfig */,
				055C8E86245DC6870099DFF8 /* Language.xcconfig */,
				055C8E87245DC6870099DFF8 /* General.xcconfig */,
			);
			path = "Swift-Compiler";
			sourceTree = "<group>";
		};
		055C8E8A245DC6870099DFF8 /* Apple-LLVM */ = {
			isa = PBXGroup;
			children = (
				055C8E8B245DC6870099DFF8 /* Language */,
				055C8E8F245DC6870099DFF8 /* Code-Generation.xcconfig */,
				055C8E90245DC6870099DFF8 /* Address-Sanitizer.xcconfig */,
				055C8E91245DC6870099DFF8 /* Language.xcconfig */,
				055C8E92245DC6870099DFF8 /* Warnings.xcconfig */,
				055C8E93245DC6870099DFF8 /* Undefined-Behavior-Sanitizer.xcconfig */,
				055C8E94245DC6870099DFF8 /* Warning-Policies.xcconfig */,
				055C8E95245DC6870099DFF8 /* Warnings */,
				055C8E9A245DC6870099DFF8 /* Preprocessing.xcconfig */,
			);
			path = "Apple-LLVM";
			sourceTree = "<group>";
		};
		055C8E8B245DC6870099DFF8 /* Language */ = {
			isa = PBXGroup;
			children = (
				055C8E8C245DC6870099DFF8 /* Modules.xcconfig */,
				055C8E8D245DC6870099DFF8 /* Objective-C.xcconfig */,
				055C8E8E245DC6870099DFF8 /* C++.xcconfig */,
			);
			path = Language;
			sourceTree = "<group>";
		};
		055C8E95245DC6870099DFF8 /* Warnings */ = {
			isa = PBXGroup;
			children = (
				055C8E96245DC6870099DFF8 /* Objective-C-ARC.xcconfig */,
				055C8E97245DC6870099DFF8 /* Objective-C.xcconfig */,
				055C8E98245DC6870099DFF8 /* C++.xcconfig */,
				055C8E99245DC6870099DFF8 /* All-Languages.xcconfig */,
			);
			path = Warnings;
			sourceTree = "<group>";
		};
		055C8E9D245DC6870099DFF8 /* Scripts */ = {
			isa = PBXGroup;
			children = (
				055C8E9E245DC6870099DFF8 /* ccache-config.sh */,
				055C8E9F245DC6870099DFF8 /* ccache.sh */,
			);
			path = Scripts;
			sourceTree = "<group>";
		};
		055C8EA2245DC7090099DFF8 /* Frameworks */ = {
			isa = PBXGroup;
			children = (
			);
			name = Frameworks;
			sourceTree = "<group>";
		};
		05C8C31224AE1B030095E313 /* XS++ */ = {
			isa = PBXGroup;
			children = (
				05C8C31F24AE1BB70095E313 /* include */,
				05C8C32024AE1BBE0095E313 /* source */,
			);
			path = "XS++";
			sourceTree = "<group>";
		};
		05C8C31F24AE1BB70095E313 /* include */ = {
			isa = PBXGroup;
			children = (
				05C8C32624AE1C040095E313 /* XS.hpp */,
				05C8C46D24B50ED70095E313 /* XS */,
			);
			path = include;
			sourceTree = "<group>";
		};
		05C8C32024AE1BBE0095E313 /* source */ = {
			isa = PBXGroup;
			children = (
				05C8C48824B513690095E313 /* Info-Object.cpp */,
				05C8C48324B512730095E313 /* Info.cpp */,
				05C8C46E24B510700095E313 /* IO */,
				05C8C48C24B5140D0095E313 /* ToString.cpp */,
				05C8C48F24B515220095E313 /* UI */,
			);
			path = source;
			sourceTree = "<group>";
		};
		05C8C46D24B50ED70095E313 /* XS */ = {
			isa = PBXGroup;
			children = (
				05C8C47C24B511310095E313 /* Casts.hpp */,
				05C8C47E24B512670095E313 /* Info.hpp */,
				05C8C47524B510760095E313 /* IO */,
				05C8C48A24B514070095E313 /* ToString.hpp */,
				05C8C48E24B5151C0095E313 /* UI */,
			);
			path = XS;
			sourceTree = "<group>";
		};
		05C8C46E24B510700095E313 /* IO */ = {
			isa = PBXGroup;
			children = (
				05C8C46F24B510700095E313 /* BinaryFileStream.cpp */,
				05C8C47024B510700095E313 /* BinaryDataStream.cpp */,
				05C8C47124B510700095E313 /* BinaryStream.cpp */,
			);
			path = IO;
			sourceTree = "<group>";
		};
		05C8C47524B510760095E313 /* IO */ = {
			isa = PBXGroup;
			children = (
				05C8C47624B510760095E313 /* BinaryFileStream.hpp */,
				05C8C47724B510760095E313 /* BinaryDataStream.hpp */,
				05C8C47824B510760095E313 /* BinaryStream.hpp */,
			);
			path = IO;
			sourceTree = "<group>";
		};
		05C8C48E24B5151C0095E313 /* UI */ = {
			isa = PBXGroup;
			children = (
				05C8C49224B5155D0095E313 /* Color.hpp */,
				05C8C49924B517860095E313 /* Screen.hpp */,
				05C8C49824B517860095E313 /* Window.hpp */,
			);
			path = UI;
			sourceTree = "<group>";
		};
		05C8C48F24B515220095E313 /* UI */ = {
			isa = PBXGroup;
			children = (
				05C8C49024B515560095E313 /* Color.cpp */,
				05C8C49424B5176B0095E313 /* Screen.cpp */,
				05C8C49524B5176B0095E313 /* Window.cpp */,
			);
			path = UI;
			sourceTree = "<group>";
		};
/* End PBXGroup section */

/* Begin PBXHeadersBuildPhase section */
		05C8C30D24AE1B030095E313 /* Headers */ = {
			isa = PBXHeadersBuildPhase;
			buildActionMask = 2147483647;
			files = (
				05C8C49B24B517860095E313 /* Screen.hpp in Headers */,
				05C8C47A24B510760095E313 /* BinaryDataStream.hpp in Headers */,
				05C8C47D24B511310095E313 /* Casts.hpp in Headers */,
				05C8C32724AE1C040095E313 /* XS.hpp in Headers */,
				05C8C47924B510760095E313 /* BinaryFileStream.hpp in Headers */,
				05C8C48124B512670095E313 /* Info.hpp in Headers */,
				05C8C49A24B517860095E313 /* Window.hpp in Headers */,
				05C8C48B24B514070095E313 /* ToString.hpp in Headers */,
				05C8C49324B5155D0095E313 /* Color.hpp in Headers */,
				05C8C47B24B510760095E313 /* BinaryStream.hpp in Headers */,
			);
			runOnlyForDeploymentPostprocessing = 0;
		};
/* End PBXHeadersBuildPhase section */

/* Begin PBXNativeTarget section */
		05C8C31024AE1B030095E313 /* XS++ */ = {
			isa = PBXNativeTarget;
			buildConfigurationList = 05C8C31924AE1B030095E313 /* Build configuration list for PBXNativeTarget "XS++" */;
			buildPhases = (
				05C8C30D24AE1B030095E313 /* Headers */,
				05C8C30E24AE1B030095E313 /* Sources */,
				05C8C30F24AE1B030095E313 /* Frameworks */,
			);
			buildRules = (
			);
			dependencies = (
			);
			name = "XS++";
			productName = "lib-macho";
			productReference = 05C8C31124AE1B030095E313 /* libXS++.a */;
			productType = "com.apple.product-type.library.static";
		};
/* End PBXNativeTarget section */

/* Begin PBXProject section */
		055C8E40245DC5FD0099DFF8 /* Project object */ = {
			isa = PBXProject;
			attributes = {
				LastUpgradeCheck = 1150;
				ORGANIZATIONNAME = DigiDNA;
				TargetAttributes = {
					05C8C31024AE1B030095E313 = {
						CreatedOnToolsVersion = 11.5;
					};
				};
			};
			buildConfigurationList = 055C8E43245DC5FD0099DFF8 /* Build configuration list for PBXProject "XS++" */;
			compatibilityVersion = "Xcode 9.3";
			developmentRegion = en;
			hasScannedForEncodings = 0;
			knownRegions = (
				en,
				Base,
			);
			mainGroup = 055C8E3F245DC5FD0099DFF8;
			productRefGroup = 055C8E49245DC5FD0099DFF8 /* Products */;
			projectDirPath = "";
			projectRoot = "";
			targets = (
				05C8C31024AE1B030095E313 /* XS++ */,
			);
		};
/* End PBXProject section */

/* Begin PBXSourcesBuildPhase section */
		05C8C30E24AE1B030095E313 /* Sources */ = {
			isa = PBXSourcesBuildPhase;
			buildActionMask = 2147483647;
			files = (
				05C8C49124B515560095E313 /* Color.cpp in Sources */,
				05C8C47324B510700095E313 /* BinaryDataStream.cpp in Sources */,
				05C8C48D24B5140D0095E313 /* ToString.cpp in Sources */,
				05C8C49624B5176B0095E313 /* Screen.cpp in Sources */,
				05C8C49724B5176B0095E313 /* Window.cpp in Sources */,
				05C8C48924B513690095E313 /* Info-Object.cpp in Sources */,
				05C8C48624B512730095E313 /* Info.cpp in Sources */,
				05C8C47424B510700095E313 /* BinaryStream.cpp in Sources */,
				05C8C47224B510700095E313 /* BinaryFileStream.cpp in Sources */,
			);
			runOnlyForDeploymentPostprocessing = 0;
		};
/* End PBXSourcesBuildPhase section */

/* Begin XCBuildConfiguration section */
		055C8E51245DC5FD0099DFF8 /* Debug */ = {
			isa = XCBuildConfiguration;
			baseConfigurationReference = 055C8E70245DC6870099DFF8 /* Debug.xcconfig */;
			buildSettings = {
				CLANG_ENABLE_CODE_COVERAGE = NO;
				CODE_SIGN_IDENTITY = "-";
				DEVELOPMENT_TEAM = "";
				ENABLE_HARDENED_RUNTIME = NO;
				GCC_GENERATE_TEST_COVERAGE_FILES = NO;
				GCC_INSTRUMENT_PROGRAM_FLOW_ARCS = NO;
				HEADER_SEARCH_PATHS = "$(SRCROOT)/XS++/include/";
				MACOSX_DEPLOYMENT_TARGET = 10.14;
			};
			name = Debug;
		};
		055C8E52245DC5FD0099DFF8 /* Release */ = {
			isa = XCBuildConfiguration;
			baseConfigurationReference = 055C8E71245DC6870099DFF8 /* Release.xcconfig */;
			buildSettings = {
				CLANG_ENABLE_CODE_COVERAGE = NO;
				CODE_SIGN_IDENTITY = "-";
				DEVELOPMENT_TEAM = "";
				ENABLE_HARDENED_RUNTIME = NO;
				GCC_GENERATE_TEST_COVERAGE_FILES = NO;
				GCC_INSTRUMENT_PROGRAM_FLOW_ARCS = NO;
				HEADER_SEARCH_PATHS = "$(SRCROOT)/XS++/include/";
				MACOSX_DEPLOYMENT_TARGET = 10.14;
			};
			name = Release;
		};
		05C8C31A24AE1B030095E313 /* Debug */ = {
			isa = XCBuildConfiguration;
			buildSettings = {
				EXECUTABLE_PREFIX = lib;
				PRODUCT_NAME = "$(TARGET_NAME)";
				SKIP_INSTALL = YES;
			};
			name = Debug;
		};
		05C8C31B24AE1B030095E313 /* Release */ = {
			isa = XCBuildConfiguration;
			buildSettings = {
				EXECUTABLE_PREFIX = lib;
				PRODUCT_NAME = "$(TARGET_NAME)";
				SKIP_INSTALL = YES;
			};
			name = Release;
		};
/* End XCBuildConfiguration section */

/* Begin XCConfigurationList section */
		055C8E43245DC5FD0099DFF8 /* Build configuration list for PBXProject "XS++" */ = {
			isa = XCConfigurationList;
			buildConfigurations = (
				055C8E51245DC5FD0099DFF8 /* Debug */,
				055C8E52245DC5FD0099DFF8 /* Release */,
			);
			defaultConfigurationIsVisible = 0;
			defaultConfigurationName = Release;
		};
		05C8C31924AE1B030095E313 /* Build configuration list for PBXNativeTarget "XS++" */ = {
			isa = XCConfigurationList;
			buildConfigurations = (
				05C8C31A24AE1B030095E313 /* Debug */,
				05C8C31B24AE1B030095E313 /* Release */,
			);
			defaultConfigurationIsVisible = 0;
			defaultConfigurationName = Release;
		};
/* End XCConfigurationList section */
	};
	rootObject = 055C8E40245DC5FD0099DFF8 /* Project object */;
}
